// !$*UTF8*$!
{
	archiveVersion = 1;
	classes = {
	};
	objectVersion = 50;
	objects = {

/* Begin PBXBuildFile section */
		F91371DC221581530002F5E8 /* StoriesCollectionCell.swift in Sources */ = {isa = PBXBuildFile; fileRef = F91371DB221581530002F5E8 /* StoriesCollectionCell.swift */; };
		F91371DE2215838B0002F5E8 /* StorieCell.swift in Sources */ = {isa = PBXBuildFile; fileRef = F91371DD2215838B0002F5E8 /* StorieCell.swift */; };
		F91371E02215AF810002F5E8 /* LikeState.swift in Sources */ = {isa = PBXBuildFile; fileRef = F91371DF2215AF810002F5E8 /* LikeState.swift */; };
		F916EF1922142D1B00BEBF58 /* ImageMediaBusiness.swift in Sources */ = {isa = PBXBuildFile; fileRef = F916EF1822142D1B00BEBF58 /* ImageMediaBusiness.swift */; };
		F916EF1C22145CC200BEBF58 /* Utils.swift in Sources */ = {isa = PBXBuildFile; fileRef = F916EF1B22145CC200BEBF58 /* Utils.swift */; };
		F944759722131A740025861D /* AppDelegate.swift in Sources */ = {isa = PBXBuildFile; fileRef = F944759622131A740025861D /* AppDelegate.swift */; };
		F944759C22131A740025861D /* Main.storyboard in Resources */ = {isa = PBXBuildFile; fileRef = F944759A22131A740025861D /* Main.storyboard */; };
		F944759E22131A750025861D /* Assets.xcassets in Resources */ = {isa = PBXBuildFile; fileRef = F944759D22131A750025861D /* Assets.xcassets */; };
		F94475A122131A750025861D /* LaunchScreen.storyboard in Resources */ = {isa = PBXBuildFile; fileRef = F944759F22131A750025861D /* LaunchScreen.storyboard */; };
		F9D6ECDB2213226B007A39DD /* Alamofire.framework in Frameworks */ = {isa = PBXBuildFile; fileRef = F9D6ECD62213226B007A39DD /* Alamofire.framework */; };
		F9D6ECDC2213226B007A39DD /* Alamofire.framework in Embed Frameworks */ = {isa = PBXBuildFile; fileRef = F9D6ECD62213226B007A39DD /* Alamofire.framework */; settings = {ATTRIBUTES = (CodeSignOnCopy, RemoveHeadersOnCopy, ); }; };
		F9D6ECDD2213226B007A39DD /* SVProgressHUD.framework in Frameworks */ = {isa = PBXBuildFile; fileRef = F9D6ECD72213226B007A39DD /* SVProgressHUD.framework */; };
		F9D6ECDE2213226B007A39DD /* SVProgressHUD.framework in Embed Frameworks */ = {isa = PBXBuildFile; fileRef = F9D6ECD72213226B007A39DD /* SVProgressHUD.framework */; settings = {ATTRIBUTES = (CodeSignOnCopy, RemoveHeadersOnCopy, ); }; };
		F9D6ECDF2213226B007A39DD /* ObjectMapper.framework in Frameworks */ = {isa = PBXBuildFile; fileRef = F9D6ECD82213226B007A39DD /* ObjectMapper.framework */; };
		F9D6ECE02213226B007A39DD /* ObjectMapper.framework in Embed Frameworks */ = {isa = PBXBuildFile; fileRef = F9D6ECD82213226B007A39DD /* ObjectMapper.framework */; settings = {ATTRIBUTES = (CodeSignOnCopy, RemoveHeadersOnCopy, ); }; };
		F9D6ECE12213226B007A39DD /* AlamofireObjectMapper.framework in Frameworks */ = {isa = PBXBuildFile; fileRef = F9D6ECD92213226B007A39DD /* AlamofireObjectMapper.framework */; };
		F9D6ECE22213226B007A39DD /* AlamofireObjectMapper.framework in Embed Frameworks */ = {isa = PBXBuildFile; fileRef = F9D6ECD92213226B007A39DD /* AlamofireObjectMapper.framework */; settings = {ATTRIBUTES = (CodeSignOnCopy, RemoveHeadersOnCopy, ); }; };
		F9D6ECE32213226B007A39DD /* AlamofireImage.framework in Frameworks */ = {isa = PBXBuildFile; fileRef = F9D6ECDA2213226B007A39DD /* AlamofireImage.framework */; };
		F9D6ECE42213226B007A39DD /* AlamofireImage.framework in Embed Frameworks */ = {isa = PBXBuildFile; fileRef = F9D6ECDA2213226B007A39DD /* AlamofireImage.framework */; settings = {ATTRIBUTES = (CodeSignOnCopy, RemoveHeadersOnCopy, ); }; };
		F9D6ECE72213234D007A39DD /* HomeVC.swift in Sources */ = {isa = PBXBuildFile; fileRef = F9D6ECE62213234D007A39DD /* HomeVC.swift */; };
		F9D6ECEC22132840007A39DD /* ImageHomeCell.swift in Sources */ = {isa = PBXBuildFile; fileRef = F9D6ECEB22132840007A39DD /* ImageHomeCell.swift */; };
		F9D6ECF422135500007A39DD /* ImageMediaResponse.swift in Sources */ = {isa = PBXBuildFile; fileRef = F9D6ECF322135500007A39DD /* ImageMediaResponse.swift */; };
		F9D6ECF62213560D007A39DD /* UserResponse.swift in Sources */ = {isa = PBXBuildFile; fileRef = F9D6ECF52213560D007A39DD /* UserResponse.swift */; };
		F9D6ECF822135B2E007A39DD /* ImageMediaData.swift in Sources */ = {isa = PBXBuildFile; fileRef = F9D6ECF722135B2E007A39DD /* ImageMediaData.swift */; };
		F9D6ECFC22135BE4007A39DD /* RouterProtocol.swift in Sources */ = {isa = PBXBuildFile; fileRef = F9D6ECFB22135BE4007A39DD /* RouterProtocol.swift */; };
		F9D6ED0022135C98007A39DD /* BundleExtension.swift in Sources */ = {isa = PBXBuildFile; fileRef = F9D6ECFF22135C98007A39DD /* BundleExtension.swift */; };
/* End PBXBuildFile section */

/* Begin PBXCopyFilesBuildPhase section */
		F94475B822131F2D0025861D /* Embed Frameworks */ = {
			isa = PBXCopyFilesBuildPhase;
			buildActionMask = 2147483647;
			dstPath = "";
			dstSubfolderSpec = 10;
			files = (
				F9D6ECE02213226B007A39DD /* ObjectMapper.framework in Embed Frameworks */,
				F9D6ECE42213226B007A39DD /* AlamofireImage.framework in Embed Frameworks */,
				F9D6ECDE2213226B007A39DD /* SVProgressHUD.framework in Embed Frameworks */,
				F9D6ECDC2213226B007A39DD /* Alamofire.framework in Embed Frameworks */,
				F9D6ECE22213226B007A39DD /* AlamofireObjectMapper.framework in Embed Frameworks */,
			);
			name = "Embed Frameworks";
			runOnlyForDeploymentPostprocessing = 0;
		};
/* End PBXCopyFilesBuildPhase section */

/* Begin PBXFileReference section */
		F91371DB221581530002F5E8 /* StoriesCollectionCell.swift */ = {isa = PBXFileReference; lastKnownFileType = sourcecode.swift; path = StoriesCollectionCell.swift; sourceTree = "<group>"; };
		F91371DD2215838B0002F5E8 /* StorieCell.swift */ = {isa = PBXFileReference; lastKnownFileType = sourcecode.swift; path = StorieCell.swift; sourceTree = "<group>"; };
		F91371DF2215AF810002F5E8 /* LikeState.swift */ = {isa = PBXFileReference; lastKnownFileType = sourcecode.swift; path = LikeState.swift; sourceTree = "<group>"; };
		F916EF1822142D1B00BEBF58 /* ImageMediaBusiness.swift */ = {isa = PBXFileReference; lastKnownFileType = sourcecode.swift; path = ImageMediaBusiness.swift; sourceTree = "<group>"; };
		F916EF1B22145CC200BEBF58 /* Utils.swift */ = {isa = PBXFileReference; lastKnownFileType = sourcecode.swift; path = Utils.swift; sourceTree = "<group>"; };
		F944759322131A740025861D /* InstaDark.app */ = {isa = PBXFileReference; explicitFileType = wrapper.application; includeInIndex = 0; path = InstaDark.app; sourceTree = BUILT_PRODUCTS_DIR; };
		F944759622131A740025861D /* AppDelegate.swift */ = {isa = PBXFileReference; lastKnownFileType = sourcecode.swift; path = AppDelegate.swift; sourceTree = "<group>"; };
		F944759B22131A740025861D /* Base */ = {isa = PBXFileReference; lastKnownFileType = file.storyboard; name = Base; path = Base.lproj/Main.storyboard; sourceTree = "<group>"; };
		F944759D22131A750025861D /* Assets.xcassets */ = {isa = PBXFileReference; lastKnownFileType = folder.assetcatalog; path = Assets.xcassets; sourceTree = "<group>"; };
		F94475A022131A750025861D /* Base */ = {isa = PBXFileReference; lastKnownFileType = file.storyboard; name = Base; path = Base.lproj/LaunchScreen.storyboard; sourceTree = "<group>"; };
		F94475A222131A750025861D /* Info.plist */ = {isa = PBXFileReference; lastKnownFileType = text.plist.xml; path = Info.plist; sourceTree = "<group>"; };
		F9D6ECD62213226B007A39DD /* Alamofire.framework */ = {isa = PBXFileReference; lastKnownFileType = wrapper.framework; name = Alamofire.framework; path = Carthage/Build/iOS/Alamofire.framework; sourceTree = "<group>"; };
		F9D6ECD72213226B007A39DD /* SVProgressHUD.framework */ = {isa = PBXFileReference; lastKnownFileType = wrapper.framework; name = SVProgressHUD.framework; path = Carthage/Build/iOS/SVProgressHUD.framework; sourceTree = "<group>"; };
		F9D6ECD82213226B007A39DD /* ObjectMapper.framework */ = {isa = PBXFileReference; lastKnownFileType = wrapper.framework; name = ObjectMapper.framework; path = Carthage/Build/iOS/ObjectMapper.framework; sourceTree = "<group>"; };
		F9D6ECD92213226B007A39DD /* AlamofireObjectMapper.framework */ = {isa = PBXFileReference; lastKnownFileType = wrapper.framework; name = AlamofireObjectMapper.framework; path = Carthage/Build/iOS/AlamofireObjectMapper.framework; sourceTree = "<group>"; };
		F9D6ECDA2213226B007A39DD /* AlamofireImage.framework */ = {isa = PBXFileReference; lastKnownFileType = wrapper.framework; name = AlamofireImage.framework; path = Carthage/Build/iOS/AlamofireImage.framework; sourceTree = "<group>"; };
		F9D6ECE62213234D007A39DD /* HomeVC.swift */ = {isa = PBXFileReference; lastKnownFileType = sourcecode.swift; path = HomeVC.swift; sourceTree = "<group>"; };
		F9D6ECEB22132840007A39DD /* ImageHomeCell.swift */ = {isa = PBXFileReference; lastKnownFileType = sourcecode.swift; path = ImageHomeCell.swift; sourceTree = "<group>"; };
		F9D6ECF322135500007A39DD /* ImageMediaResponse.swift */ = {isa = PBXFileReference; lastKnownFileType = sourcecode.swift; path = ImageMediaResponse.swift; sourceTree = "<group>"; };
		F9D6ECF52213560D007A39DD /* UserResponse.swift */ = {isa = PBXFileReference; lastKnownFileType = sourcecode.swift; path = UserResponse.swift; sourceTree = "<group>"; };
		F9D6ECF722135B2E007A39DD /* ImageMediaData.swift */ = {isa = PBXFileReference; lastKnownFileType = sourcecode.swift; path = ImageMediaData.swift; sourceTree = "<group>"; };
		F9D6ECFB22135BE4007A39DD /* RouterProtocol.swift */ = {isa = PBXFileReference; lastKnownFileType = sourcecode.swift; path = RouterProtocol.swift; sourceTree = "<group>"; };
		F9D6ECFF22135C98007A39DD /* BundleExtension.swift */ = {isa = PBXFileReference; fileEncoding = 4; lastKnownFileType = sourcecode.swift; path = BundleExtension.swift; sourceTree = "<group>"; };
/* End PBXFileReference section */

/* Begin PBXFrameworksBuildPhase section */
		F944759022131A740025861D /* Frameworks */ = {
			isa = PBXFrameworksBuildPhase;
			buildActionMask = 2147483647;
			files = (
				F9D6ECDF2213226B007A39DD /* ObjectMapper.framework in Frameworks */,
				F9D6ECE32213226B007A39DD /* AlamofireImage.framework in Frameworks */,
				F9D6ECDD2213226B007A39DD /* SVProgressHUD.framework in Frameworks */,
				F9D6ECDB2213226B007A39DD /* Alamofire.framework in Frameworks */,
				F9D6ECE12213226B007A39DD /* AlamofireObjectMapper.framework in Frameworks */,
			);
			runOnlyForDeploymentPostprocessing = 0;
		};
/* End PBXFrameworksBuildPhase section */

/* Begin PBXGroup section */
		F916EF1722142CC200BEBF58 /* Business */ = {
			isa = PBXGroup;
			children = (
				F916EF1822142D1B00BEBF58 /* ImageMediaBusiness.swift */,
			);
			path = Business;
			sourceTree = "<group>";
		};
		F916EF1A2214328800BEBF58 /* Utils */ = {
			isa = PBXGroup;
			children = (
				F916EF1B22145CC200BEBF58 /* Utils.swift */,
				F91371DF2215AF810002F5E8 /* LikeState.swift */,
			);
			path = Utils;
			sourceTree = "<group>";
		};
		F944758A22131A740025861D = {
			isa = PBXGroup;
			children = (
				F9D6ECE522132275007A39DD /* Frameworks */,
				F944759522131A740025861D /* InstaDark */,
				F944759422131A740025861D /* Products */,
			);
			sourceTree = "<group>";
		};
		F944759422131A740025861D /* Products */ = {
			isa = PBXGroup;
			children = (
				F944759322131A740025861D /* InstaDark.app */,
			);
			name = Products;
			sourceTree = "<group>";
		};
		F944759522131A740025861D /* InstaDark */ = {
			isa = PBXGroup;
			children = (
				F944759622131A740025861D /* AppDelegate.swift */,
				F9D6ECEF22133B04007A39DD /* DataAccess */,
				F9D6ECF2221354C2007A39DD /* Model */,
				F916EF1722142CC200BEBF58 /* Business */,
				F916EF1A2214328800BEBF58 /* Utils */,
				F9D6ECE822132355007A39DD /* Controllers */,
				F9D6ECED2213291A007A39DD /* Views */,
				F94475A222131A750025861D /* Info.plist */,
			);
			path = InstaDark;
			sourceTree = "<group>";
		};
		F9D6ECE522132275007A39DD /* Frameworks */ = {
			isa = PBXGroup;
			children = (
				F9D6ECD62213226B007A39DD /* Alamofire.framework */,
				F9D6ECDA2213226B007A39DD /* AlamofireImage.framework */,
				F9D6ECD92213226B007A39DD /* AlamofireObjectMapper.framework */,
				F9D6ECD82213226B007A39DD /* ObjectMapper.framework */,
				F9D6ECD72213226B007A39DD /* SVProgressHUD.framework */,
			);
			name = Frameworks;
			sourceTree = "<group>";
		};
		F9D6ECE822132355007A39DD /* Controllers */ = {
			isa = PBXGroup;
			children = (
				F9D6ECEE22132D2F007A39DD /* Cells */,
				F9D6ECE62213234D007A39DD /* HomeVC.swift */,
			);
			path = Controllers;
			sourceTree = "<group>";
		};
		F9D6ECED2213291A007A39DD /* Views */ = {
			isa = PBXGroup;
			children = (
				F944759A22131A740025861D /* Main.storyboard */,
				F944759D22131A750025861D /* Assets.xcassets */,
				F944759F22131A750025861D /* LaunchScreen.storyboard */,
			);
			path = Views;
			sourceTree = "<group>";
		};
		F9D6ECEE22132D2F007A39DD /* Cells */ = {
			isa = PBXGroup;
			children = (
				F9D6ECEB22132840007A39DD /* ImageHomeCell.swift */,
				F91371DB221581530002F5E8 /* StoriesCollectionCell.swift */,
				F91371DD2215838B0002F5E8 /* StorieCell.swift */,
			);
			path = Cells;
			sourceTree = "<group>";
		};
		F9D6ECEF22133B04007A39DD /* DataAccess */ = {
			isa = PBXGroup;
			children = (
				F9D6ECFA22135BA9007A39DD /* Utils */,
				F9D6ECF722135B2E007A39DD /* ImageMediaData.swift */,
			);
			path = DataAccess;
			sourceTree = "<group>";
		};
		F9D6ECF2221354C2007A39DD /* Model */ = {
			isa = PBXGroup;
			children = (
				F9D6ECF322135500007A39DD /* ImageMediaResponse.swift */,
				F9D6ECF52213560D007A39DD /* UserResponse.swift */,
			);
			path = Model;
			sourceTree = "<group>";
		};
		F9D6ECFA22135BA9007A39DD /* Utils */ = {
			isa = PBXGroup;
			children = (
				F9D6ECFF22135C98007A39DD /* BundleExtension.swift */,
				F9D6ECFB22135BE4007A39DD /* RouterProtocol.swift */,
			);
			path = Utils;
			sourceTree = "<group>";
		};
/* End PBXGroup section */

/* Begin PBXNativeTarget section */
		F944759222131A740025861D /* InstaDark */ = {
			isa = PBXNativeTarget;
			buildConfigurationList = F94475A522131A750025861D /* Build configuration list for PBXNativeTarget "InstaDark" */;
			buildPhases = (
				F944758F22131A740025861D /* Sources */,
				F944759022131A740025861D /* Frameworks */,
				F944759122131A740025861D /* Resources */,
				F94475A822131E300025861D /* Carthage Run Script */,
				F94475B822131F2D0025861D /* Embed Frameworks */,
			);
			buildRules = (
			);
			dependencies = (
			);
			name = InstaDark;
			productName = InstaDark;
			productReference = F944759322131A740025861D /* InstaDark.app */;
			productType = "com.apple.product-type.application";
		};
/* End PBXNativeTarget section */

/* Begin PBXProject section */
		F944758B22131A740025861D /* Project object */ = {
			isa = PBXProject;
			attributes = {
				LastSwiftUpdateCheck = 1010;
				LastUpgradeCheck = 1010;
				ORGANIZATIONNAME = 3ie;
				TargetAttributes = {
					F944759222131A740025861D = {
						CreatedOnToolsVersion = 10.1;
					};
				};
			};
			buildConfigurationList = F944758E22131A740025861D /* Build configuration list for PBXProject "InstaDark" */;
			compatibilityVersion = "Xcode 9.3";
			developmentRegion = en;
			hasScannedForEncodings = 0;
			knownRegions = (
				en,
				Base,
			);
			mainGroup = F944758A22131A740025861D;
			productRefGroup = F944759422131A740025861D /* Products */;
			projectDirPath = "";
			projectRoot = "";
			targets = (
				F944759222131A740025861D /* InstaDark */,
			);
		};
/* End PBXProject section */

/* Begin PBXResourcesBuildPhase section */
		F944759122131A740025861D /* Resources */ = {
			isa = PBXResourcesBuildPhase;
			buildActionMask = 2147483647;
			files = (
				F94475A122131A750025861D /* LaunchScreen.storyboard in Resources */,
				F944759E22131A750025861D /* Assets.xcassets in Resources */,
				F944759C22131A740025861D /* Main.storyboard in Resources */,
			);
			runOnlyForDeploymentPostprocessing = 0;
		};
/* End PBXResourcesBuildPhase section */

/* Begin PBXShellScriptBuildPhase section */
		F94475A822131E300025861D /* Carthage Run Script */ = {
			isa = PBXShellScriptBuildPhase;
			buildActionMask = 2147483647;
			files = (
			);
			inputFileListPaths = (
			);
			inputPaths = (
				"$(SRCROOT)/Carthage/Build/iOS/Alamofire.framework",
				"$(SRCROOT)/Carthage/Build/iOS/AlamofireObjectMapper.framework",
				"$(SRCROOT)/Carthage/Build/iOS/AlamofireImage.framework",
				"$(SRCROOT)/Carthage/Build/iOS/ObjectMapper.framework",
				"$(SRCROOT)/Carthage/Build/iOS/SVProgressHUD.framework",
			);
			name = "Carthage Run Script";
			outputFileListPaths = (
			);
			outputPaths = (
			);
			runOnlyForDeploymentPostprocessing = 0;
			shellPath = /bin/sh;
			shellScript = "# Type a script or drag a script file from your workspace to insert its path.\n/usr/local/bin/carthage copy-frameworks\n";
		};
/* End PBXShellScriptBuildPhase section */

/* Begin PBXSourcesBuildPhase section */
		F944758F22131A740025861D /* Sources */ = {
			isa = PBXSourcesBuildPhase;
			buildActionMask = 2147483647;
			files = (
				F9D6ECF822135B2E007A39DD /* ImageMediaData.swift in Sources */,
				F916EF1922142D1B00BEBF58 /* ImageMediaBusiness.swift in Sources */,
				F9D6ECFC22135BE4007A39DD /* RouterProtocol.swift in Sources */,
				F91371DC221581530002F5E8 /* StoriesCollectionCell.swift in Sources */,
				F9D6ECF422135500007A39DD /* ImageMediaResponse.swift in Sources */,
				F91371DE2215838B0002F5E8 /* StorieCell.swift in Sources */,
				F9D6ECEC22132840007A39DD /* ImageHomeCell.swift in Sources */,
				F916EF1C22145CC200BEBF58 /* Utils.swift in Sources */,
				F9D6ECF62213560D007A39DD /* UserResponse.swift in Sources */,
				F91371E02215AF810002F5E8 /* LikeState.swift in Sources */,
				F944759722131A740025861D /* AppDelegate.swift in Sources */,
				F9D6ECE72213234D007A39DD /* HomeVC.swift in Sources */,
				F9D6ED0022135C98007A39DD /* BundleExtension.swift in Sources */,
			);
			runOnlyForDeploymentPostprocessing = 0;
		};
/* End PBXSourcesBuildPhase section */

/* Begin PBXVariantGroup section */
		F944759A22131A740025861D /* Main.storyboard */ = {
			isa = PBXVariantGroup;
			children = (
				F944759B22131A740025861D /* Base */,
			);
			name = Main.storyboard;
			sourceTree = "<group>";
		};
		F944759F22131A750025861D /* LaunchScreen.storyboard */ = {
			isa = PBXVariantGroup;
			children = (
				F94475A022131A750025861D /* Base */,
			);
			name = LaunchScreen.storyboard;
			sourceTree = "<group>";
		};
/* End PBXVariantGroup section */

/* Begin XCBuildConfiguration section */
		F94475A322131A750025861D /* Debug */ = {
			isa = XCBuildConfiguration;
			buildSettings = {
				ALWAYS_SEARCH_USER_PATHS = NO;
				CLANG_ANALYZER_NONNULL = YES;
				CLANG_ANALYZER_NUMBER_OBJECT_CONVERSION = YES_AGGRESSIVE;
				CLANG_CXX_LANGUAGE_STANDARD = "gnu++14";
				CLANG_CXX_LIBRARY = "libc++";
				CLANG_ENABLE_MODULES = YES;
				CLANG_ENABLE_OBJC_ARC = YES;
				CLANG_ENABLE_OBJC_WEAK = YES;
				CLANG_WARN_BLOCK_CAPTURE_AUTORELEASING = YES;
				CLANG_WARN_BOOL_CONVERSION = YES;
				CLANG_WARN_COMMA = YES;
				CLANG_WARN_CONSTANT_CONVERSION = YES;
				CLANG_WARN_DEPRECATED_OBJC_IMPLEMENTATIONS = YES;
				CLANG_WARN_DIRECT_OBJC_ISA_USAGE = YES_ERROR;
				CLANG_WARN_DOCUMENTATION_COMMENTS = YES;
				CLANG_WARN_EMPTY_BODY = YES;
				CLANG_WARN_ENUM_CONVERSION = YES;
				CLANG_WARN_INFINITE_RECURSION = YES;
				CLANG_WARN_INT_CONVERSION = YES;
				CLANG_WARN_NON_LITERAL_NULL_CONVERSION = YES;
				CLANG_WARN_OBJC_IMPLICIT_RETAIN_SELF = YES;
				CLANG_WARN_OBJC_LITERAL_CONVERSION = YES;
				CLANG_WARN_OBJC_ROOT_CLASS = YES_ERROR;
				CLANG_WARN_RANGE_LOOP_ANALYSIS = YES;
				CLANG_WARN_STRICT_PROTOTYPES = YES;
				CLANG_WARN_SUSPICIOUS_MOVE = YES;
				CLANG_WARN_UNGUARDED_AVAILABILITY = YES_AGGRESSIVE;
				CLANG_WARN_UNREACHABLE_CODE = YES;
				CLANG_WARN__DUPLICATE_METHOD_MATCH = YES;
				CODE_SIGN_IDENTITY = "iPhone Developer";
				COPY_PHASE_STRIP = NO;
				DEBUG_INFORMATION_FORMAT = dwarf;
				ENABLE_STRICT_OBJC_MSGSEND = YES;
				ENABLE_TESTABILITY = YES;
				GCC_C_LANGUAGE_STANDARD = gnu11;
				GCC_DYNAMIC_NO_PIC = NO;
				GCC_NO_COMMON_BLOCKS = YES;
				GCC_OPTIMIZATION_LEVEL = 0;
				GCC_PREPROCESSOR_DEFINITIONS = (
					"DEBUG=1",
					"$(inherited)",
				);
				GCC_WARN_64_TO_32_BIT_CONVERSION = YES;
				GCC_WARN_ABOUT_RETURN_TYPE = YES_ERROR;
				GCC_WARN_UNDECLARED_SELECTOR = YES;
				GCC_WARN_UNINITIALIZED_AUTOS = YES_AGGRESSIVE;
				GCC_WARN_UNUSED_FUNCTION = YES;
				GCC_WARN_UNUSED_VARIABLE = YES;
				IPHONEOS_DEPLOYMENT_TARGET = 12.1;
				MTL_ENABLE_DEBUG_INFO = INCLUDE_SOURCE;
				MTL_FAST_MATH = YES;
				ONLY_ACTIVE_ARCH = YES;
				SDKROOT = iphoneos;
				SWIFT_ACTIVE_COMPILATION_CONDITIONS = DEBUG;
				SWIFT_OPTIMIZATION_LEVEL = "-Onone";
			};
			name = Debug;
		};
		F94475A422131A750025861D /* Release */ = {
			isa = XCBuildConfiguration;
			buildSettings = {
				ALWAYS_SEARCH_USER_PATHS = NO;
				CLANG_ANALYZER_NONNULL = YES;
				CLANG_ANALYZER_NUMBER_OBJECT_CONVERSION = YES_AGGRESSIVE;
				CLANG_CXX_LANGUAGE_STANDARD = "gnu++14";
				CLANG_CXX_LIBRARY = "libc++";
				CLANG_ENABLE_MODULES = YES;
				CLANG_ENABLE_OBJC_ARC = YES;
				CLANG_ENABLE_OBJC_WEAK = YES;
				CLANG_WARN_BLOCK_CAPTURE_AUTORELEASING = YES;
				CLANG_WARN_BOOL_CONVERSION = YES;
				CLANG_WARN_COMMA = YES;
				CLANG_WARN_CONSTANT_CONVERSION = YES;
				CLANG_WARN_DEPRECATED_OBJC_IMPLEMENTATIONS = YES;
				CLANG_WARN_DIRECT_OBJC_ISA_USAGE = YES_ERROR;
				CLANG_WARN_DOCUMENTATION_COMMENTS = YES;
				CLANG_WARN_EMPTY_BODY = YES;
				CLANG_WARN_ENUM_CONVERSION = YES;
				CLANG_WARN_INFINITE_RECURSION = YES;
				CLANG_WARN_INT_CONVERSION = YES;
				CLANG_WARN_NON_LITERAL_NULL_CONVERSION = YES;
				CLANG_WARN_OBJC_IMPLICIT_RETAIN_SELF = YES;
				CLANG_WARN_OBJC_LITERAL_CONVERSION = YES;
				CLANG_WARN_OBJC_ROOT_CLASS = YES_ERROR;
				CLANG_WARN_RANGE_LOOP_ANALYSIS = YES;
				CLANG_WARN_STRICT_PROTOTYPES = YES;
				CLANG_WARN_SUSPICIOUS_MOVE = YES;
				CLANG_WARN_UNGUARDED_AVAILABILITY = YES_AGGRESSIVE;
				CLANG_WARN_UNREACHABLE_CODE = YES;
				CLANG_WARN__DUPLICATE_METHOD_MATCH = YES;
				CODE_SIGN_IDENTITY = "iPhone Developer";
				COPY_PHASE_STRIP = NO;
				DEBUG_INFORMATION_FORMAT = "dwarf-with-dsym";
				ENABLE_NS_ASSERTIONS = NO;
				ENABLE_STRICT_OBJC_MSGSEND = YES;
				GCC_C_LANGUAGE_STANDARD = gnu11;
				GCC_NO_COMMON_BLOCKS = YES;
				GCC_WARN_64_TO_32_BIT_CONVERSION = YES;
				GCC_WARN_ABOUT_RETURN_TYPE = YES_ERROR;
				GCC_WARN_UNDECLARED_SELECTOR = YES;
				GCC_WARN_UNINITIALIZED_AUTOS = YES_AGGRESSIVE;
				GCC_WARN_UNUSED_FUNCTION = YES;
				GCC_WARN_UNUSED_VARIABLE = YES;
				IPHONEOS_DEPLOYMENT_TARGET = 12.1;
				MTL_ENABLE_DEBUG_INFO = NO;
				MTL_FAST_MATH = YES;
				SDKROOT = iphoneos;
				SWIFT_COMPILATION_MODE = wholemodule;
				SWIFT_OPTIMIZATION_LEVEL = "-O";
				VALIDATE_PRODUCT = YES;
			};
			name = Release;
		};
		F94475A622131A750025861D /* Debug */ = {
			isa = XCBuildConfiguration;
			buildSettings = {
				ASSETCATALOG_COMPILER_APPICON_NAME = AppIcon;
				CODE_SIGN_STYLE = Automatic;
				DEVELOPMENT_TEAM = ZA25QH9A8G;
				FRAMEWORK_SEARCH_PATHS = (
					"$(inherited)",
					"$(PROJECT_DIR)/Carthage/Build/iOS",
				);
				INFOPLIST_FILE = InstaDark/Info.plist;
				IPHONEOS_DEPLOYMENT_TARGET = 12.0;
				LD_RUNPATH_SEARCH_PATHS = (
					"$(inherited)",
					"@executable_path/Frameworks",
				);
				PRODUCT_BUNDLE_IDENTIFIER = fr.3ie.InstaDark;
				PRODUCT_NAME = "$(TARGET_NAME)";
				SWIFT_VERSION = 4.2;
				TARGETED_DEVICE_FAMILY = "1,2";
			};
			name = Debug;
		};
		F94475A722131A750025861D /* Release */ = {
			isa = XCBuildConfiguration;
			buildSettings = {
				ASSETCATALOG_COMPILER_APPICON_NAME = AppIcon;
				CODE_SIGN_STYLE = Automatic;
				DEVELOPMENT_TEAM = ZA25QH9A8G;
				FRAMEWORK_SEARCH_PATHS = (
					"$(inherited)",
					"$(PROJECT_DIR)/Carthage/Build/iOS",
				);
				INFOPLIST_FILE = InstaDark/Info.plist;
				IPHONEOS_DEPLOYMENT_TARGET = 12.0;
				LD_RUNPATH_SEARCH_PATHS = (
					"$(inherited)",
					"@executable_path/Frameworks",
				);
				PRODUCT_BUNDLE_IDENTIFIER = fr.3ie.InstaDark;
				PRODUCT_NAME = "$(TARGET_NAME)";
				SWIFT_VERSION = 4.2;
				TARGETED_DEVICE_FAMILY = "1,2";
			};
			name = Release;
		};
/* End XCBuildConfiguration section */

/* Begin XCConfigurationList section */
		F944758E22131A740025861D /* Build configuration list for PBXProject "InstaDark" */ = {
			isa = XCConfigurationList;
			buildConfigurations = (
				F94475A322131A750025861D /* Debug */,
				F94475A422131A750025861D /* Release */,
			);
			defaultConfigurationIsVisible = 0;
			defaultConfigurationName = Release;
		};
		F94475A522131A750025861D /* Build configuration list for PBXNativeTarget "InstaDark" */ = {
			isa = XCConfigurationList;
			buildConfigurations = (
				F94475A622131A750025861D /* Debug */,
				F94475A722131A750025861D /* Release */,
			);
			defaultConfigurationIsVisible = 0;
			defaultConfigurationName = Release;
		};
/* End XCConfigurationList section */
	};
	rootObject = F944758B22131A740025861D /* Project object */;
}
